// !$*UTF8*$!
{
	archiveVersion = 1;
	classes = {
	};
	objectVersion = 50;
	objects = {

/* Begin PBXBuildFile section */
		D3759D9B24D963300025D7AB /* AppDelegate.swift in Sources */ = {isa = PBXBuildFile; fileRef = D3759D9A24D963300025D7AB /* AppDelegate.swift */; };
		D3759D9D24D963300025D7AB /* SceneDelegate.swift in Sources */ = {isa = PBXBuildFile; fileRef = D3759D9C24D963300025D7AB /* SceneDelegate.swift */; };
		D3759D9F24D963300025D7AB /* ViewController.swift in Sources */ = {isa = PBXBuildFile; fileRef = D3759D9E24D963300025D7AB /* ViewController.swift */; };
		D3759DA224D963300025D7AB /* Main.storyboard in Resources */ = {isa = PBXBuildFile; fileRef = D3759DA024D963300025D7AB /* Main.storyboard */; };
		D3759DA424D963320025D7AB /* Assets.xcassets in Resources */ = {isa = PBXBuildFile; fileRef = D3759DA324D963320025D7AB /* Assets.xcassets */; };
		D3759DA724D963320025D7AB /* LaunchScreen.storyboard in Resources */ = {isa = PBXBuildFile; fileRef = D3759DA524D963320025D7AB /* LaunchScreen.storyboard */; };
/* End PBXBuildFile section */

/* Begin PBXFileReference section */
		D3759D9724D963300025D7AB /* Swift5MapAndPtotocol1.app */ = {isa = PBXFileReference; explicitFileType = wrapper.application; includeInIndex = 0; path = Swift5MapAndPtotocol1.app; sourceTree = BUILT_PRODUCTS_DIR; };
		D3759D9A24D963300025D7AB /* AppDelegate.swift */ = {isa = PBXFileReference; lastKnownFileType = sourcecode.swift; path = AppDelegate.swift; sourceTree = "<group>"; };
		D3759D9C24D963300025D7AB /* SceneDelegate.swift */ = {isa = PBXFileReference; lastKnownFileType = sourcecode.swift; path = SceneDelegate.swift; sourceTree = "<group>"; };
		D3759D9E24D963300025D7AB /* ViewController.swift */ = {isa = PBXFileReference; lastKnownFileType = sourcecode.swift; path = ViewController.swift; sourceTree = "<group>"; };
		D3759DA124D963300025D7AB /* Base */ = {isa = PBXFileReference; lastKnownFileType = file.storyboard; name = Base; path = Base.lproj/Main.storyboard; sourceTree = "<group>"; };
		D3759DA324D963320025D7AB /* Assets.xcassets */ = {isa = PBXFileReference; lastKnownFileType = folder.assetcatalog; path = Assets.xcassets; sourceTree = "<group>"; };
		D3759DA624D963320025D7AB /* Base */ = {isa = PBXFileReference; lastKnownFileType = file.storyboard; name = Base; path = Base.lproj/LaunchScreen.storyboard; sourceTree = "<group>"; };
		D3759DA824D963320025D7AB /* Info.plist */ = {isa = PBXFileReference; lastKnownFileType = text.plist.xml; path = Info.plist; sourceTree = "<group>"; };
/* End PBXFileReference section */

/* Begin PBXFrameworksBuildPhase section */
		D3759D9424D963300025D7AB /* Frameworks */ = {
			isa = PBXFrameworksBuildPhase;
			buildActionMask = 2147483647;
			files = (
			);
			runOnlyForDeploymentPostprocessing = 0;
		};
/* End PBXFrameworksBuildPhase section */

/* Begin PBXGroup section */
		D3759D8E24D963300025D7AB = {
			isa = PBXGroup;
			children = (
				D3759D9924D963300025D7AB /* Swift5MapAndPtotocol1 */,
				D3759D9824D963300025D7AB /* Products */,
			);
			sourceTree = "<group>";
		};
		D3759D9824D963300025D7AB /* Products */ = {
			isa = PBXGroup;
			children = (
				D3759D9724D963300025D7AB /* Swift5MapAndPtotocol1.app */,
			);
			name = Products;
			sourceTree = "<group>";
		};
		D3759D9924D963300025D7AB /* Swift5MapAndPtotocol1 */ = {
			isa = PBXGroup;
			children = (
				D3759D9A24D963300025D7AB /* AppDelegate.swift */,
				D3759D9C24D963300025D7AB /* SceneDelegate.swift */,
				D3759D9E24D963300025D7AB /* ViewController.swift */,
				D3759DA024D963300025D7AB /* Main.storyboard */,
				D3759DA324D963320025D7AB /* Assets.xcassets */,
				D3759DA524D963320025D7AB /* LaunchScreen.storyboard */,
				D3759DA824D963320025D7AB /* Info.plist */,
			);
			path = Swift5MapAndPtotocol1;
			sourceTree = "<group>";
		};
/* End PBXGroup section */

/* Begin PBXNativeTarget section */
		D3759D9624D963300025D7AB /* Swift5MapAndPtotocol1 */ = {
			isa = PBXNativeTarget;
			buildConfigurationList = D3759DAB24D963320025D7AB /* Build configuration list for PBXNativeTarget "Swift5MapAndPtotocol1" */;
			buildPhases = (
				D3759D9324D963300025D7AB /* Sources */,
				D3759D9424D963300025D7AB /* Frameworks */,
				D3759D9524D963300025D7AB /* Resources */,
			);
			buildRules = (
			);
			dependencies = (
			);
			name = Swift5MapAndPtotocol1;
			productName = Swift5MapAndPtotocol1;
			productReference = D3759D9724D963300025D7AB /* Swift5MapAndPtotocol1.app */;
			productType = "com.apple.product-type.application";
		};
/* End PBXNativeTarget section */

/* Begin PBXProject section */
		D3759D8F24D963300025D7AB /* Project object */ = {
			isa = PBXProject;
			attributes = {
				LastSwiftUpdateCheck = 1110;
				LastUpgradeCheck = 1110;
				ORGANIZATIONNAME = takumi.yamaoka;
				TargetAttributes = {
					D3759D9624D963300025D7AB = {
						CreatedOnToolsVersion = 11.1;
					};
				};
			};
			buildConfigurationList = D3759D9224D963300025D7AB /* Build configuration list for PBXProject "Swift5MapAndPtotocol1" */;
			compatibilityVersion = "Xcode 9.3";
			developmentRegion = en;
			hasScannedForEncodings = 0;
			knownRegions = (
				en,
				Base,
			);
			mainGroup = D3759D8E24D963300025D7AB;
			productRefGroup = D3759D9824D963300025D7AB /* Products */;
			projectDirPath = "";
			projectRoot = "";
			targets = (
				D3759D9624D963300025D7AB /* Swift5MapAndPtotocol1 */,
			);
		};
/* End PBXProject section */

/* Begin PBXResourcesBuildPhase section */
		D3759D9524D963300025D7AB /* Resources */ = {
			isa = PBXResourcesBuildPhase;
			buildActionMask = 2147483647;
			files = (
				D3759DA724D963320025D7AB /* LaunchScreen.storyboard in Resources */,
				D3759DA424D963320025D7AB /* Assets.xcassets in Resources */,
				D3759DA224D963300025D7AB /* Main.storyboard in Resources */,
			);
			runOnlyForDeploymentPostprocessing = 0;
		};
/* End PBXResourcesBuildPhase section */

/* Begin PBXSourcesBuildPhase section */
		D3759D9324D963300025D7AB /* Sources */ = {
			isa = PBXSourcesBuildPhase;
			buildActionMask = 2147483647;
			files = (
				D3759D9F24D963300025D7AB /* ViewController.swift in Sources */,
				D3759D9B24D963300025D7AB /* AppDelegate.swift in Sources */,
				D3759D9D24D963300025D7AB /* SceneDelegate.swift in Sources */,
			);
			runOnlyForDeploymentPostprocessing = 0;
		};
/* End PBXSourcesBuildPhase section */

/* Begin PBXVariantGroup section */
		D3759DA024D963300025D7AB /* Main.storyboard */ = {
			isa = PBXVariantGroup;
			children = (
				D3759DA124D963300025D7AB /* Base */,
			);
			name = Main.storyboard;
			sourceTree = "<group>";
		};
		D3759DA524D963320025D7AB /* LaunchScreen.storyboard */ = {
			isa = PBXVariantGroup;
			children = (
				D3759DA624D963320025D7AB /* Base */,
			);
			name = LaunchScreen.storyboard;
			sourceTree = "<group>";
		};
/* End PBXVariantGroup section */

/* Begin XCBuildConfiguration section */
		D3759DA924D963320025D7AB /* Debug */ = {
			isa = XCBuildConfiguration;
			buildSettings = {
				ALWAYS_SEARCH_USER_PATHS = NO;
				CLANG_ANALYZER_NONNULL = YES;
				CLANG_ANALYZER_NUMBER_OBJECT_CONVERSION = YES_AGGRESSIVE;
				CLANG_CXX_LANGUAGE_STANDARD = "gnu++14";
				CLANG_CXX_LIBRARY = "libc++";
				CLANG_ENABLE_MODULES = YES;
				CLANG_ENABLE_OBJC_ARC = YES;
				CLANG_ENABLE_OBJC_WEAK = YES;
				CLANG_WARN_BLOCK_CAPTURE_AUTORELEASING = YES;
				CLANG_WARN_BOOL_CONVERSION = YES;
				CLANG_WARN_COMMA = YES;
				CLANG_WARN_CONSTANT_CONVERSION = YES;
				CLANG_WARN_DEPRECATED_OBJC_IMPLEMENTATIONS = YES;
				CLANG_WARN_DIRECT_OBJC_ISA_USAGE = YES_ERROR;
				CLANG_WARN_DOCUMENTATION_COMMENTS = YES;
				CLANG_WARN_EMPTY_BODY = YES;
				CLANG_WARN_ENUM_CONVERSION = YES;
				CLANG_WARN_INFINITE_RECURSION = YES;
				CLANG_WARN_INT_CONVERSION = YES;
				CLANG_WARN_NON_LITERAL_NULL_CONVERSION = YES;
				CLANG_WARN_OBJC_IMPLICIT_RETAIN_SELF = YES;
				CLANG_WARN_OBJC_LITERAL_CONVERSION = YES;
				CLANG_WARN_OBJC_ROOT_CLASS = YES_ERROR;
				CLANG_WARN_RANGE_LOOP_ANALYSIS = YES;
				CLANG_WARN_STRICT_PROTOTYPES = YES;
				CLANG_WARN_SUSPICIOUS_MOVE = YES;
				CLANG_WARN_UNGUARDED_AVAILABILITY = YES_AGGRESSIVE;
				CLANG_WARN_UNREACHABLE_CODE = YES;
				CLANG_WARN__DUPLICATE_METHOD_MATCH = YES;
				COPY_PHASE_STRIP = NO;
				DEBUG_INFORMATION_FORMAT = dwarf;
				ENABLE_STRICT_OBJC_MSGSEND = YES;
				ENABLE_TESTABILITY = YES;
				GCC_C_LANGUAGE_STANDARD = gnu11;
				GCC_DYNAMIC_NO_PIC = NO;
				GCC_NO_COMMON_BLOCKS = YES;
				GCC_OPTIMIZATION_LEVEL = 0;
				GCC_PREPROCESSOR_DEFINITIONS = (
					"DEBUG=1",
					"$(inherited)",
				);
				GCC_WARN_64_TO_32_BIT_CONVERSION = YES;
				GCC_WARN_ABOUT_RETURN_TYPE = YES_ERROR;
				GCC_WARN_UNDECLARED_SELECTOR = YES;
				GCC_WARN_UNINITIALIZED_AUTOS = YES_AGGRESSIVE;
				GCC_WARN_UNUSED_FUNCTION = YES;
				GCC_WARN_UNUSED_VARIABLE = YES;
				IPHONEOS_DEPLOYMENT_TARGET = 13.1;
				MTL_ENABLE_DEBUG_INFO = INCLUDE_SOURCE;
				MTL_FAST_MATH = YES;
				ONLY_ACTIVE_ARCH = YES;
				SDKROOT = iphoneos;
				SWIFT_ACTIVE_COMPILATION_CONDITIONS = DEBUG;
				SWIFT_OPTIMIZATION_LEVEL = "-Onone";
			};
			name = Debug;
		};
		D3759DAA24D963320025D7AB /* Release */ = {
			isa = XCBuildConfiguration;
			buildSettings = {
				ALWAYS_SEARCH_USER_PATHS = NO;
				CLANG_ANALYZER_NONNULL = YES;
				CLANG_ANALYZER_NUMBER_OBJECT_CONVERSION = YES_AGGRESSIVE;
				CLANG_CXX_LANGUAGE_STANDARD = "gnu++14";
				CLANG_CXX_LIBRARY = "libc++";
				CLANG_ENABLE_MODULES = YES;
				CLANG_ENABLE_OBJC_ARC = YES;
				CLANG_ENABLE_OBJC_WEAK = YES;
				CLANG_WARN_BLOCK_CAPTURE_AUTORELEASING = YES;
				CLANG_WARN_BOOL_CONVERSION = YES;
				CLANG_WARN_COMMA = YES;
				CLANG_WARN_CONSTANT_CONVERSION = YES;
				CLANG_WARN_DEPRECATED_OBJC_IMPLEMENTATIONS = YES;
				CLANG_WARN_DIRECT_OBJC_ISA_USAGE = YES_ERROR;
				CLANG_WARN_DOCUMENTATION_COMMENTS = YES;
				CLANG_WARN_EMPTY_BODY = YES;
				CLANG_WARN_ENUM_CONVERSION = YES;
				CLANG_WARN_INFINITE_RECURSION = YES;
				CLANG_WARN_INT_CONVERSION = YES;
				CLANG_WARN_NON_LITERAL_NULL_CONVERSION = YES;
				CLANG_WARN_OBJC_IMPLICIT_RETAIN_SELF = YES;
				CLANG_WARN_OBJC_LITERAL_CONVERSION = YES;
				CLANG_WARN_OBJC_ROOT_CLASS = YES_ERROR;
				CLANG_WARN_RANGE_LOOP_ANALYSIS = YES;
				CLANG_WARN_STRICT_PROTOTYPES = YES;
				CLANG_WARN_SUSPICIOUS_MOVE = YES;
				CLANG_WARN_UNGUARDED_AVAILABILITY = YES_AGGRESSIVE;
				CLANG_WARN_UNREACHABLE_CODE = YES;
				CLANG_WARN__DUPLICATE_METHOD_MATCH = YES;
				COPY_PHASE_STRIP = NO;
				DEBUG_INFORMATION_FORMAT = "dwarf-with-dsym";
				ENABLE_NS_ASSERTIONS = NO;
				ENABLE_STRICT_OBJC_MSGSEND = YES;
				GCC_C_LANGUAGE_STANDARD = gnu11;
				GCC_NO_COMMON_BLOCKS = YES;
				GCC_WARN_64_TO_32_BIT_CONVERSION = YES;
				GCC_WARN_ABOUT_RETURN_TYPE = YES_ERROR;
				GCC_WARN_UNDECLARED_SELECTOR = YES;
				GCC_WARN_UNINITIALIZED_AUTOS = YES_AGGRESSIVE;
				GCC_WARN_UNUSED_FUNCTION = YES;
				GCC_WARN_UNUSED_VARIABLE = YES;
				IPHONEOS_DEPLOYMENT_TARGET = 13.1;
				MTL_ENABLE_DEBUG_INFO = NO;
				MTL_FAST_MATH = YES;
				SDKROOT = iphoneos;
				SWIFT_COMPILATION_MODE = wholemodule;
				SWIFT_OPTIMIZATION_LEVEL = "-O";
				VALIDATE_PRODUCT = YES;
			};
			name = Release;
		};
		D3759DAC24D963320025D7AB /* Debug */ = {
			isa = XCBuildConfiguration;
			buildSettings = {
				ASSETCATALOG_COMPILER_APPICON_NAME = AppIcon;
				CODE_SIGN_STYLE = Automatic;
				DEVELOPMENT_TEAM = 39M942S6C4;
				INFOPLIST_FILE = Swift5MapAndPtotocol1/Info.plist;
				LD_RUNPATH_SEARCH_PATHS = (
					"$(inherited)",
					"@executable_path/Frameworks",
				);
				PRODUCT_BUNDLE_IDENTIFIER = com.takumi.yam.Swift5MapAndPtotocol1;
				PRODUCT_NAME = "$(TARGET_NAME)";
				SWIFT_VERSION = 5.0;
				TARGETED_DEVICE_FAMILY = "1,2";
			};
			name = Debug;
		};
		D3759DAD24D963320025D7AB /* Release */ = {
			isa = XCBuildConfiguration;
			buildSettings = {
				ASSETCATALOG_COMPILER_APPICON_NAME = AppIcon;
				CODE_SIGN_STYLE = Automatic;
				DEVELOPMENT_TEAM = 39M942S6C4;
				INFOPLIST_FILE = Swift5MapAndPtotocol1/Info.plist;
				LD_RUNPATH_SEARCH_PATHS = (
					"$(inherited)",
					"@executable_path/Frameworks",
				);
				PRODUCT_BUNDLE_IDENTIFIER = com.takumi.yam.Swift5MapAndPtotocol1;
				PRODUCT_NAME = "$(TARGET_NAME)";
				SWIFT_VERSION = 5.0;
				TARGETED_DEVICE_FAMILY = "1,2";
			};
			name = Release;
		};
/* End XCBuildConfiguration section */

/* Begin XCConfigurationList section */
		D3759D9224D963300025D7AB /* Build configuration list for PBXProject "Swift5MapAndPtotocol1" */ = {
			isa = XCConfigurationList;
			buildConfigurations = (
				D3759DA924D963320025D7AB /* Debug */,
				D3759DAA24D963320025D7AB /* Release */,
			);
			defaultConfigurationIsVisible = 0;
			defaultConfigurationName = Release;
		};
		D3759DAB24D963320025D7AB /* Build configuration list for PBXNativeTarget "Swift5MapAndPtotocol1" */ = {
			isa = XCConfigurationList;
			buildConfigurations = (
				D3759DAC24D963320025D7AB /* Debug */,
				D3759DAD24D963320025D7AB /* Release */,
			);
			defaultConfigurationIsVisible = 0;
			defaultConfigurationName = Release;
		};
/* End XCConfigurationList section */
	};
	rootObject = D3759D8F24D963300025D7AB /* Project object */;
}
